
Microsoft Visual Studio Solution File, Format Version 12.00
# Visual Studio Version 17
VisualStudioVersion = 17.4.33213.308
MinimumVisualStudioVersion = 10.0.40219.1
Project("{FAE04EC0-301F-11D3-BF4B-00C04F79EFBC}") = "Zadanie3", "Zadanie3\Zadanie3.csproj", "{26FCDDFA-EEF1-4852-8D0E-CB4CCE9E2588}"
EndProject
Global
	GlobalSection(SolutionConfigurationPlatforms) = preSolution
		Debug|Any CPU = Debug|Any CPU
		Release|Any CPU = Release|Any CPU
	EndGlobalSection
	GlobalSection(ProjectConfigurationPlatforms) = postSolution
		{26FCDDFA-EEF1-4852-8D0E-CB4CCE9E2588}.Debug|Any CPU.ActiveCfg = Debug|Any CPU
		{26FCDDFA-EEF1-4852-8D0E-CB4CCE9E2588}.Debug|Any CPU.Build.0 = Debug|Any CPU
		{26FCDDFA-EEF1-4852-8D0E-CB4CCE9E2588}.Release|Any CPU.ActiveCfg = Release|Any CPU
		{26FCDDFA-EEF1-4852-8D0E-CB4CCE9E2588}.Release|Any CPU.Build.0 = Release|Any CPU
	EndGlobalSection
	GlobalSection(SolutionProperties) = preSolution
		HideSolutionNode = FALSE
	EndGlobalSection
	GlobalSection(ExtensibilityGlobals) = postSolution
		SolutionGuid = {D92F4939-4CF4-44A1-A18E-C914F5BCCD0C}
	EndGlobalSection
EndGlobal
